
Microsoft Visual Studio Solution File, Format Version 12.00
# Visual Studio 14
VisualStudioVersion = 14.0.25420.1
MinimumVisualStudioVersion = 10.0.40219.1
Project("{FAE04EC0-301F-11D3-BF4B-00C04F79EFBC}") = "Web_QLTSL", "Web_QLTSL\Web_QLTSL.csproj", "{FC7C5103-358A-4F72-8CBF-F6A70530B6CC}"
EndProject
Project("{FAE04EC0-301F-11D3-BF4B-00C04F79EFBC}") = "BUS", "BUS\BUS.csproj", "{38F4924A-D4C5-41BF-8119-0120DDEEA312}"
EndProject
Project("{FAE04EC0-301F-11D3-BF4B-00C04F79EFBC}") = "DAL", "DAL\DAL.csproj", "{5AD92523-D7DF-4900-AF4B-118386EBF90E}"
EndProject
Project("{FAE04EC0-301F-11D3-BF4B-00C04F79EFBC}") = "DTO", "DTO\DTO.csproj", "{5B4CBF87-037C-449E-A631-FE596F640EAB}"
EndProject
Global
	GlobalSection(SolutionConfigurationPlatforms) = preSolution
		Debug|Any CPU = Debug|Any CPU
		Release|Any CPU = Release|Any CPU
	EndGlobalSection
	GlobalSection(ProjectConfigurationPlatforms) = postSolution
		{FC7C5103-358A-4F72-8CBF-F6A70530B6CC}.Debug|Any CPU.ActiveCfg = Debug|Any CPU
		{FC7C5103-358A-4F72-8CBF-F6A70530B6CC}.Debug|Any CPU.Build.0 = Debug|Any CPU
		{FC7C5103-358A-4F72-8CBF-F6A70530B6CC}.Release|Any CPU.ActiveCfg = Release|Any CPU
		{FC7C5103-358A-4F72-8CBF-F6A70530B6CC}.Release|Any CPU.Build.0 = Release|Any CPU
		{38F4924A-D4C5-41BF-8119-0120DDEEA312}.Debug|Any CPU.ActiveCfg = Debug|Any CPU
		{38F4924A-D4C5-41BF-8119-0120DDEEA312}.Debug|Any CPU.Build.0 = Debug|Any CPU
		{38F4924A-D4C5-41BF-8119-0120DDEEA312}.Release|Any CPU.ActiveCfg = Release|Any CPU
		{38F4924A-D4C5-41BF-8119-0120DDEEA312}.Release|Any CPU.Build.0 = Release|Any CPU
		{5AD92523-D7DF-4900-AF4B-118386EBF90E}.Debug|Any CPU.ActiveCfg = Debug|Any CPU
		{5AD92523-D7DF-4900-AF4B-118386EBF90E}.Debug|Any CPU.Build.0 = Debug|Any CPU
		{5AD92523-D7DF-4900-AF4B-118386EBF90E}.Release|Any CPU.ActiveCfg = Release|Any CPU
		{5AD92523-D7DF-4900-AF4B-118386EBF90E}.Release|Any CPU.Build.0 = Release|Any CPU
		{5B4CBF87-037C-449E-A631-FE596F640EAB}.Debug|Any CPU.ActiveCfg = Debug|Any CPU
		{5B4CBF87-037C-449E-A631-FE596F640EAB}.Debug|Any CPU.Build.0 = Debug|Any CPU
		{5B4CBF87-037C-449E-A631-FE596F640EAB}.Release|Any CPU.ActiveCfg = Release|Any CPU
		{5B4CBF87-037C-449E-A631-FE596F640EAB}.Release|Any CPU.Build.0 = Release|Any CPU
	EndGlobalSection
	GlobalSection(SolutionProperties) = preSolution
		HideSolutionNode = FALSE
	EndGlobalSection
EndGlobal
